
Microsoft Visual Studio Solution File, Format Version 12.00
# Visual Studio Version 17
VisualStudioVersion = 17.7.34009.444
MinimumVisualStudioVersion = 10.0.40219.1
Project("{FAE04EC0-301F-11D3-BF4B-00C04F79EFBC}") = "Price", "Price\Price.csproj", "{7B462239-5AF8-420A-8FB1-7AA5D37ACEB9}"
EndProject
Global
	GlobalSection(SolutionConfigurationPlatforms) = preSolution
		Debug|Any CPU = Debug|Any CPU
		Release|Any CPU = Release|Any CPU
	EndGlobalSection
	GlobalSection(ProjectConfigurationPlatforms) = postSolution
		{7B462239-5AF8-420A-8FB1-7AA5D37ACEB9}.Debug|Any CPU.ActiveCfg = Debug|Any CPU
		{7B462239-5AF8-420A-8FB1-7AA5D37ACEB9}.Debug|Any CPU.Build.0 = Debug|Any CPU
		{7B462239-5AF8-420A-8FB1-7AA5D37ACEB9}.Release|Any CPU.ActiveCfg = Release|Any CPU
		{7B462239-5AF8-420A-8FB1-7AA5D37ACEB9}.Release|Any CPU.Build.0 = Release|Any CPU
	EndGlobalSection
	GlobalSection(SolutionProperties) = preSolution
		HideSolutionNode = FALSE
	EndGlobalSection
	GlobalSection(ExtensibilityGlobals) = postSolution
		SolutionGuid = {8E3BAFE8-5C0C-4094-AC78-42FDA71A9309}
	EndGlobalSection
EndGlobal
